
Microsoft Visual Studio Solution File, Format Version 12.00
# Visual Studio Version 16
VisualStudioVersion = 16.0.30309.148
MinimumVisualStudioVersion = 10.0.40219.1
Project("{9A19103F-16F7-4668-BE54-9A1E7A4F7556}") = "Ild-Music_UI", "Ild-Music_UI\Ild-Music_UI.csproj", "{7EA5E633-E4CF-4A69-887D-258C2FB56957}"
EndProject
Project("{9A19103F-16F7-4668-BE54-9A1E7A4F7556}") = "Ild-Music-Core", "Ild-Music-Core\Ild-Music-Core.csproj", "{96E9836E-1DA5-446C-AF84-351F83468E7C}"
EndProject
Project("{9A19103F-16F7-4668-BE54-9A1E7A4F7556}") = "CoreTest", "CoreTest\CoreTest.csproj", "{1BEDD7AD-E5B5-43E9-A5D3-FE8F1F29A8D3}"
EndProject
Project("{9A19103F-16F7-4668-BE54-9A1E7A4F7556}") = "SynchronizationBlock", "SynchronizationBlock\SynchronizationBlock.csproj", "{73C0455C-9B3D-4543-8E21-9AA22504C33B}"
EndProject
Project("{9A19103F-16F7-4668-BE54-9A1E7A4F7556}") = "SynchTest", "SynchTest\SynchTest.csproj", "{E52710C0-A88F-48D7-A1E5-93F14924FA31}"
EndProject
Project("{FAE04EC0-301F-11D3-BF4B-00C04F79EFBC}") = "ILD-Music_Player", "ILD-Music_Player\ILD-Music_Player.csproj", "{78D0E06F-8E64-4978-A181-D8AEB176B2B4}"
EndProject
Global
	GlobalSection(SolutionConfigurationPlatforms) = preSolution
		Debug|Any CPU = Debug|Any CPU
		Release|Any CPU = Release|Any CPU
	EndGlobalSection
	GlobalSection(ProjectConfigurationPlatforms) = postSolution
		{7EA5E633-E4CF-4A69-887D-258C2FB56957}.Debug|Any CPU.ActiveCfg = Debug|Any CPU
		{7EA5E633-E4CF-4A69-887D-258C2FB56957}.Debug|Any CPU.Build.0 = Debug|Any CPU
		{7EA5E633-E4CF-4A69-887D-258C2FB56957}.Release|Any CPU.ActiveCfg = Release|Any CPU
		{7EA5E633-E4CF-4A69-887D-258C2FB56957}.Release|Any CPU.Build.0 = Release|Any CPU
		{96E9836E-1DA5-446C-AF84-351F83468E7C}.Debug|Any CPU.ActiveCfg = Debug|Any CPU
		{96E9836E-1DA5-446C-AF84-351F83468E7C}.Debug|Any CPU.Build.0 = Debug|Any CPU
		{96E9836E-1DA5-446C-AF84-351F83468E7C}.Release|Any CPU.ActiveCfg = Release|Any CPU
		{96E9836E-1DA5-446C-AF84-351F83468E7C}.Release|Any CPU.Build.0 = Release|Any CPU
		{1BEDD7AD-E5B5-43E9-A5D3-FE8F1F29A8D3}.Debug|Any CPU.ActiveCfg = Debug|Any CPU
		{1BEDD7AD-E5B5-43E9-A5D3-FE8F1F29A8D3}.Debug|Any CPU.Build.0 = Debug|Any CPU
		{1BEDD7AD-E5B5-43E9-A5D3-FE8F1F29A8D3}.Release|Any CPU.ActiveCfg = Release|Any CPU
		{1BEDD7AD-E5B5-43E9-A5D3-FE8F1F29A8D3}.Release|Any CPU.Build.0 = Release|Any CPU
		{73C0455C-9B3D-4543-8E21-9AA22504C33B}.Debug|Any CPU.ActiveCfg = Debug|Any CPU
		{73C0455C-9B3D-4543-8E21-9AA22504C33B}.Debug|Any CPU.Build.0 = Debug|Any CPU
		{73C0455C-9B3D-4543-8E21-9AA22504C33B}.Release|Any CPU.ActiveCfg = Release|Any CPU
		{73C0455C-9B3D-4543-8E21-9AA22504C33B}.Release|Any CPU.Build.0 = Release|Any CPU
		{E52710C0-A88F-48D7-A1E5-93F14924FA31}.Debug|Any CPU.ActiveCfg = Debug|Any CPU
		{E52710C0-A88F-48D7-A1E5-93F14924FA31}.Debug|Any CPU.Build.0 = Debug|Any CPU
		{E52710C0-A88F-48D7-A1E5-93F14924FA31}.Release|Any CPU.ActiveCfg = Release|Any CPU
		{E52710C0-A88F-48D7-A1E5-93F14924FA31}.Release|Any CPU.Build.0 = Release|Any CPU
		{78D0E06F-8E64-4978-A181-D8AEB176B2B4}.Debug|Any CPU.ActiveCfg = Debug|Any CPU
		{78D0E06F-8E64-4978-A181-D8AEB176B2B4}.Debug|Any CPU.Build.0 = Debug|Any CPU
		{78D0E06F-8E64-4978-A181-D8AEB176B2B4}.Release|Any CPU.ActiveCfg = Release|Any CPU
		{78D0E06F-8E64-4978-A181-D8AEB176B2B4}.Release|Any CPU.Build.0 = Release|Any CPU
	EndGlobalSection
	GlobalSection(SolutionProperties) = preSolution
		HideSolutionNode = FALSE
	EndGlobalSection
	GlobalSection(ExtensibilityGlobals) = postSolution
		SolutionGuid = {1BD87E50-72CA-414F-B851-C7EFA2C58F3E}
	EndGlobalSection
EndGlobal
